
Microsoft Visual Studio Solution File, Format Version 12.00
# Visual Studio Version 17
VisualStudioVersion = 17.3.32922.545
MinimumVisualStudioVersion = 10.0.40219.1
Project("{9A19103F-16F7-4668-BE54-9A1E7A4F7556}") = "2. sem projekt boglistesystemet", "2. sem projekt boglistesystemet\2. sem projekt boglistesystemet.csproj", "{43EAAC12-8F95-467E-9BE6-3CD0A7793955}"
EndProject
Project("{9A19103F-16F7-4668-BE54-9A1E7A4F7556}") = "BoglisteSystemTestEnvironment", "BoglisteSystemTestEnvironment\BoglisteSystemTestEnvironment.csproj", "{5403BF04-BF15-4C22-8AD7-5ED8D6AF67EC}"
EndProject
Global
	GlobalSection(SolutionConfigurationPlatforms) = preSolution
		Debug|Any CPU = Debug|Any CPU
		Release|Any CPU = Release|Any CPU
	EndGlobalSection
	GlobalSection(ProjectConfigurationPlatforms) = postSolution
		{43EAAC12-8F95-467E-9BE6-3CD0A7793955}.Debug|Any CPU.ActiveCfg = Debug|Any CPU
		{43EAAC12-8F95-467E-9BE6-3CD0A7793955}.Debug|Any CPU.Build.0 = Debug|Any CPU
		{43EAAC12-8F95-467E-9BE6-3CD0A7793955}.Release|Any CPU.ActiveCfg = Release|Any CPU
		{43EAAC12-8F95-467E-9BE6-3CD0A7793955}.Release|Any CPU.Build.0 = Release|Any CPU
		{5403BF04-BF15-4C22-8AD7-5ED8D6AF67EC}.Debug|Any CPU.ActiveCfg = Debug|Any CPU
		{5403BF04-BF15-4C22-8AD7-5ED8D6AF67EC}.Debug|Any CPU.Build.0 = Debug|Any CPU
		{5403BF04-BF15-4C22-8AD7-5ED8D6AF67EC}.Release|Any CPU.ActiveCfg = Release|Any CPU
		{5403BF04-BF15-4C22-8AD7-5ED8D6AF67EC}.Release|Any CPU.Build.0 = Release|Any CPU
	EndGlobalSection
	GlobalSection(SolutionProperties) = preSolution
		HideSolutionNode = FALSE
	EndGlobalSection
	GlobalSection(ExtensibilityGlobals) = postSolution
		SolutionGuid = {4CCD1291-CBF0-4890-9FDE-8DD9510A2F92}
	EndGlobalSection
EndGlobal
